{
  "version": 4,
  "terraform_version": "1.3.6",
  "serial": 415,
  "lineage": "844b1137-5077-a497-8220-bab0e3a5674d",
  "outputs": {},
  "resources": [
    {
      "mode": "data",
      "type": "aws_ami",
      "name": "ubuntu",
      "provider": "provider[\"registry.terraform.io/hashicorp/aws\"]",
      "instances": [
        {
          "schema_version": 0,
          "attributes": {
            "architecture": "x86_64",
            "arn": "arn:aws:ec2:us-west-1::image/ami-0454207e5367abf01",
            "block_device_mappings": [
              {
                "device_name": "/dev/sda1",
                "ebs": {
                  "delete_on_termination": "true",
                  "encrypted": "false",
                  "iops": "0",
                  "snapshot_id": "snap-0b0d53d2a20808560",
                  "throughput": "0",
                  "volume_size": "8",
                  "volume_type": "gp2"
                },
                "no_device": "",
                "virtual_name": ""
              },
              {
                "device_name": "/dev/sdb",
                "ebs": {},
                "no_device": "",
                "virtual_name": "ephemeral0"
              },
              {
                "device_name": "/dev/sdc",
                "ebs": {},
                "no_device": "",
                "virtual_name": "ephemeral1"
              }
            ],
            "boot_mode": "",
            "creation_date": "2021-09-29T08:19:54.000Z",
            "deprecation_time": "2023-09-29T08:19:54.000Z",
            "description": "Canonical, Ubuntu, 16.04 LTS, amd64 xenial image build on 2021-09-28",
            "ena_support": true,
            "executable_users": null,
            "filter": [
              {
                "name": "name",
                "values": [
                  "ubuntu/images/hvm-ssd/ubuntu-xenial-16.04-amd64-server-*"
                ]
              }
            ],
            "hypervisor": "xen",
            "id": "ami-0454207e5367abf01",
            "image_id": "ami-0454207e5367abf01",
            "image_location": "amazon/ubuntu/images/hvm-ssd/ubuntu-xenial-16.04-amd64-server-20210928",
            "image_owner_alias": "amazon",
            "image_type": "machine",
            "imds_support": "",
            "include_deprecated": false,
            "kernel_id": "",
            "most_recent": true,
            "name": "ubuntu/images/hvm-ssd/ubuntu-xenial-16.04-amd64-server-20210928",
            "name_regex": null,
            "owner_id": "099720109477",
            "owners": [
              "099720109477"
            ],
            "platform": "",
            "platform_details": "Linux/UNIX",
            "product_codes": [],
            "public": true,
            "ramdisk_id": "",
            "root_device_name": "/dev/sda1",
            "root_device_type": "ebs",
            "root_snapshot_id": "snap-0b0d53d2a20808560",
            "sriov_net_support": "simple",
            "state": "available",
            "state_reason": {
              "code": "UNSET",
              "message": "UNSET"
            },
            "tags": {},
            "timeouts": null,
            "tpm_support": "",
            "usage_operation": "RunInstances",
            "virtualization_type": "hvm"
          },
          "sensitive_attributes": []
        }
      ]
    },
    {
      "mode": "data",
      "type": "aws_availability_zones",
      "name": "available",
      "provider": "provider[\"registry.terraform.io/hashicorp/aws\"]",
      "instances": [
        {
          "schema_version": 0,
          "attributes": {
            "all_availability_zones": null,
            "exclude_names": null,
            "exclude_zone_ids": null,
            "filter": null,
            "group_names": [
              "us-west-1"
            ],
            "id": "us-west-1",
            "names": [
              "us-west-1a",
              "us-west-1b"
            ],
            "state": null,
            "timeouts": null,
            "zone_ids": [
              "usw1-az3",
              "usw1-az1"
            ]
          },
          "sensitive_attributes": []
        }
      ]
    },
    {
      "mode": "data",
      "type": "aws_ip_ranges",
      "name": "us_west_ip_range",
      "provider": "provider[\"registry.terraform.io/hashicorp/aws\"]",
      "instances": [
        {
          "schema_version": 0,
          "attributes": {
            "cidr_blocks": [
              "13.52.0.0/16",
              "13.56.0.0/16",
              "13.57.0.0/16",
              "15.177.81.0/24",
              "18.144.0.0/15",
              "184.169.128.0/17",
              "184.72.0.0/18",
              "204.236.128.0/18",
              "216.182.236.0/23",
              "3.101.0.0/16",
              "3.2.41.64/26",
              "3.5.160.0/22",
              "35.71.117.0/24",
              "50.18.0.0/16",
              "52.52.0.0/15",
              "52.8.0.0/16",
              "52.9.0.0/16",
              "52.94.144.0/23",
              "52.94.248.128/28",
              "52.94.249.80/28",
              "52.95.246.0/24",
              "52.95.255.96/28",
              "54.151.0.0/17",
              "54.153.0.0/17",
              "54.176.0.0/15",
              "54.183.0.0/16",
              "54.193.0.0/16",
              "54.215.0.0/16",
              "54.219.0.0/16",
              "54.241.0.0/16",
              "54.67.0.0/16",
              "64.252.118.0/24",
              "64.252.119.0/24",
              "64.252.120.0/24",
              "64.252.121.0/24",
              "64.252.122.0/24",
              "64.252.123.0/24",
              "99.151.120.0/21",
              "99.77.132.0/24",
              "99.77.154.0/24",
              "99.77.251.0/24"
            ],
            "create_date": "2022-12-07-18-33-08",
            "id": "1670437988",
            "ipv6_cidr_blocks": [
              "2600:1f00:c000::/40",
              "2600:1f1c::/36",
              "2600:1f2c::/36",
              "2600:1f60:c000::/40",
              "2600:1f61:c000::/40",
              "2600:1f68:c040::/46",
              "2600:1f68:c080::/46",
              "2600:1f68:c0c0::/46",
              "2600:1f69:c040::/46",
              "2600:1f69:c080::/46",
              "2600:1f69:c0c0::/46",
              "2600:1f70:c000::/40",
              "2600:1ff0:c000::/40",
              "2600:1ff1:c000::/40",
              "2600:1ff2:c000::/40",
              "2600:1fff:c000::/40",
              "2620:107:300f::/48"
            ],
            "regions": [
              "us-west-1"
            ],
            "services": [
              "ec2"
            ],
            "sync_token": 1670437988,
            "url": "https://ip-ranges.amazonaws.com/ip-ranges.json"
          },
          "sensitive_attributes": []
        }
      ]
    },
    {
      "mode": "managed",
      "type": "aws_autoscaling_group",
      "name": "custom-group-autoscaling",
      "provider": "provider[\"registry.terraform.io/hashicorp/aws\"]",
      "instances": [
        {
          "schema_version": 0,
          "attributes": {
            "arn": "arn:aws:autoscaling:us-west-1:725241857202:autoScalingGroup:40af33ca-7c71-478c-8a91-890d8fd6e035:autoScalingGroupName/custom-group-autoscaling",
            "availability_zones": [
              "us-west-1b"
            ],
            "capacity_rebalance": false,
            "context": "",
            "default_cooldown": 300,
            "default_instance_warmup": 0,
            "desired_capacity": 1,
            "enabled_metrics": null,
            "force_delete": true,
            "force_delete_warm_pool": false,
            "health_check_grace_period": 100,
            "health_check_type": "EC2",
            "id": "custom-group-autoscaling",
            "initial_lifecycle_hook": [],
            "instance_refresh": [],
            "launch_configuration": "custom-launch-config",
            "launch_template": [],
            "load_balancers": null,
            "max_instance_lifetime": 0,
            "max_size": 3,
            "metrics_granularity": "1Minute",
            "min_elb_capacity": null,
            "min_size": 1,
            "mixed_instances_policy": [],
            "name": "custom-group-autoscaling",
            "name_prefix": "",
            "placement_group": "",
            "protect_from_scale_in": false,
            "service_linked_role_arn": "arn:aws:iam::725241857202:role/aws-service-role/autoscaling.amazonaws.com/AWSServiceRoleForAutoScaling",
            "suspended_processes": null,
            "tag": [
              {
                "key": "Name",
                "propagate_at_launch": true,
                "value": "custom_ec2_instance"
              }
            ],
            "tags": null,
            "target_group_arns": null,
            "termination_policies": null,
            "timeouts": null,
            "vpc_zone_identifier": [
              "subnet-011e533363a289fff"
            ],
            "wait_for_capacity_timeout": "10m",
            "wait_for_elb_capacity": null,
            "warm_pool": []
          },
          "sensitive_attributes": [],
          "private": "eyJlMmJmYjczMC1lY2FhLTExZTYtOGY4OC0zNDM2M2JjN2M0YzAiOnsiZGVsZXRlIjo2MDAwMDAwMDAwMDAsInVwZGF0ZSI6NjAwMDAwMDAwMDAwfX0=",
          "dependencies": [
            "aws_key_pair.mykey",
            "aws_launch_configuration.custom-launch-config",
            "data.aws_ami.ubuntu"
          ]
        }
      ]
    },
    {
      "mode": "managed",
      "type": "aws_autoscaling_policy",
      "name": "custom-cpu-policy",
      "provider": "provider[\"registry.terraform.io/hashicorp/aws\"]",
      "instances": [
        {
          "schema_version": 0,
          "attributes": {
            "adjustment_type": "ChangeInCapacity",
            "arn": "arn:aws:autoscaling:us-west-1:725241857202:scalingPolicy:55eca471-bce7-44c3-95ce-3ca2d24aa25d:autoScalingGroupName/custom-group-autoscaling:policyName/custom-cpu-policy",
            "autoscaling_group_name": "custom-group-autoscaling",
            "cooldown": 60,
            "enabled": true,
            "estimated_instance_warmup": 0,
            "id": "custom-cpu-policy",
            "metric_aggregation_type": "",
            "min_adjustment_magnitude": null,
            "name": "custom-cpu-policy",
            "policy_type": "SimpleScaling",
            "predictive_scaling_configuration": [],
            "scaling_adjustment": 1,
            "step_adjustment": [],
            "target_tracking_configuration": []
          },
          "sensitive_attributes": [],
          "private": "bnVsbA==",
          "dependencies": [
            "aws_autoscaling_group.custom-group-autoscaling",
            "aws_key_pair.mykey",
            "aws_launch_configuration.custom-launch-config",
            "data.aws_ami.ubuntu"
          ]
        }
      ]
    },
    {
      "mode": "managed",
      "type": "aws_autoscaling_policy",
      "name": "custom-cpu-policy-scaledown",
      "provider": "provider[\"registry.terraform.io/hashicorp/aws\"]",
      "instances": [
        {
          "schema_version": 0,
          "attributes": {
            "adjustment_type": "ChangeInCapacity",
            "arn": "arn:aws:autoscaling:us-west-1:725241857202:scalingPolicy:95fc71e6-8218-41ce-9f5b-48ed828d2f33:autoScalingGroupName/custom-group-autoscaling:policyName/custom-cpu-policy-scaledown",
            "autoscaling_group_name": "custom-group-autoscaling",
            "cooldown": 60,
            "enabled": true,
            "estimated_instance_warmup": 0,
            "id": "custom-cpu-policy-scaledown",
            "metric_aggregation_type": "",
            "min_adjustment_magnitude": null,
            "name": "custom-cpu-policy-scaledown",
            "policy_type": "SimpleScaling",
            "predictive_scaling_configuration": [],
            "scaling_adjustment": -1,
            "step_adjustment": [],
            "target_tracking_configuration": []
          },
          "sensitive_attributes": [],
          "private": "bnVsbA==",
          "dependencies": [
            "aws_autoscaling_group.custom-group-autoscaling",
            "aws_key_pair.mykey",
            "aws_launch_configuration.custom-launch-config",
            "data.aws_ami.ubuntu"
          ]
        }
      ]
    },
    {
      "mode": "managed",
      "type": "aws_cloudwatch_metric_alarm",
      "name": "custom-cpu-alarm",
      "provider": "provider[\"registry.terraform.io/hashicorp/aws\"]",
      "instances": [
        {
          "schema_version": 1,
          "attributes": {
            "actions_enabled": true,
            "alarm_actions": [
              "arn:aws:autoscaling:us-west-1:725241857202:scalingPolicy:55eca471-bce7-44c3-95ce-3ca2d24aa25d:autoScalingGroupName/custom-group-autoscaling:policyName/custom-cpu-policy"
            ],
            "alarm_description": "alarm once cpu usage increases",
            "alarm_name": "custom-cpu-alarm",
            "arn": "arn:aws:cloudwatch:us-west-1:725241857202:alarm:custom-cpu-alarm",
            "comparison_operator": "GreaterThanOrEqualToThreshold",
            "datapoints_to_alarm": 0,
            "dimensions": {
              "AutoScalingGroupName": "custom-group-autoscaling"
            },
            "evaluate_low_sample_count_percentiles": "",
            "evaluation_periods": 2,
            "extended_statistic": "",
            "id": "custom-cpu-alarm",
            "insufficient_data_actions": null,
            "metric_name": "CPUUtilization",
            "metric_query": [],
            "namespace": "AWS/EC2",
            "ok_actions": null,
            "period": 120,
            "statistic": "Average",
            "tags": null,
            "tags_all": {},
            "threshold": 20,
            "threshold_metric_id": "",
            "treat_missing_data": "missing",
            "unit": ""
          },
          "sensitive_attributes": [],
          "private": "eyJzY2hlbWFfdmVyc2lvbiI6IjEifQ==",
          "dependencies": [
            "aws_autoscaling_group.custom-group-autoscaling",
            "aws_autoscaling_policy.custom-cpu-policy",
            "aws_key_pair.mykey",
            "aws_launch_configuration.custom-launch-config",
            "data.aws_ami.ubuntu"
          ]
        }
      ]
    },
    {
      "mode": "managed",
      "type": "aws_cloudwatch_metric_alarm",
      "name": "custom-cpu-alarm-scaledown",
      "provider": "provider[\"registry.terraform.io/hashicorp/aws\"]",
      "instances": [
        {
          "schema_version": 1,
          "attributes": {
            "actions_enabled": true,
            "alarm_actions": [
              "arn:aws:autoscaling:us-west-1:725241857202:scalingPolicy:95fc71e6-8218-41ce-9f5b-48ed828d2f33:autoScalingGroupName/custom-group-autoscaling:policyName/custom-cpu-policy-scaledown"
            ],
            "alarm_description": "alarm once cpu usage decreases",
            "alarm_name": "custom-cpu-alarm-scaledown",
            "arn": "arn:aws:cloudwatch:us-west-1:725241857202:alarm:custom-cpu-alarm-scaledown",
            "comparison_operator": "LessThanOrEqualToThreshold",
            "datapoints_to_alarm": 0,
            "dimensions": {
              "AutoScalingGroupName": "custom-group-autoscaling"
            },
            "evaluate_low_sample_count_percentiles": "",
            "evaluation_periods": 2,
            "extended_statistic": "",
            "id": "custom-cpu-alarm-scaledown",
            "insufficient_data_actions": null,
            "metric_name": "CPUUtilization",
            "metric_query": [],
            "namespace": "AWS/EC2",
            "ok_actions": null,
            "period": 120,
            "statistic": "Average",
            "tags": null,
            "tags_all": {},
            "threshold": 10,
            "threshold_metric_id": "",
            "treat_missing_data": "missing",
            "unit": ""
          },
          "sensitive_attributes": [],
          "private": "eyJzY2hlbWFfdmVyc2lvbiI6IjEifQ==",
          "dependencies": [
            "aws_autoscaling_group.custom-group-autoscaling",
            "aws_autoscaling_policy.custom-cpu-policy-scaledown",
            "aws_key_pair.mykey",
            "aws_launch_configuration.custom-launch-config",
            "data.aws_ami.ubuntu"
          ]
        }
      ]
    },
    {
      "mode": "managed",
      "type": "aws_eip",
      "name": "customvpc-nat",
      "provider": "provider[\"registry.terraform.io/hashicorp/aws\"]",
      "instances": [
        {
          "schema_version": 0,
          "attributes": {
            "address": null,
            "allocation_id": "eipalloc-015e5c91033ff152d",
            "associate_with_private_ip": null,
            "association_id": "",
            "carrier_ip": "",
            "customer_owned_ip": "",
            "customer_owned_ipv4_pool": "",
            "domain": "vpc",
            "id": "eipalloc-015e5c91033ff152d",
            "instance": "",
            "network_border_group": "us-west-1",
            "network_interface": "",
            "private_dns": null,
            "private_ip": "",
            "public_dns": "ec2-52-8-46-245.us-west-1.compute.amazonaws.com",
            "public_ip": "52.8.46.245",
            "public_ipv4_pool": "amazon",
            "tags": null,
            "tags_all": {},
            "timeouts": null,
            "vpc": true
          },
          "sensitive_attributes": [],
          "private": "eyJlMmJmYjczMC1lY2FhLTExZTYtOGY4OC0zNDM2M2JjN2M0YzAiOnsiZGVsZXRlIjoxODAwMDAwMDAwMDAsInJlYWQiOjkwMDAwMDAwMDAwMCwidXBkYXRlIjozMDAwMDAwMDAwMDB9fQ=="
        }
      ]
    },
    {
      "mode": "managed",
      "type": "aws_elb",
      "name": "custom-elb",
      "provider": "provider[\"registry.terraform.io/hashicorp/aws\"]",
      "instances": [
        {
          "schema_version": 0,
          "attributes": {
            "access_logs": [],
            "arn": "arn:aws:elasticloadbalancing:us-west-1:725241857202:loadbalancer/custom-elb",
            "availability_zones": [
              "us-west-1a",
              "us-west-1b"
            ],
            "connection_draining": true,
            "connection_draining_timeout": 400,
            "cross_zone_load_balancing": true,
            "desync_mitigation_mode": "defensive",
            "dns_name": "custom-elb-590398838.us-west-1.elb.amazonaws.com",
            "health_check": [
              {
                "healthy_threshold": 2,
                "interval": 30,
                "target": "HTTP:80/",
                "timeout": 3,
                "unhealthy_threshold": 2
              }
            ],
            "id": "custom-elb",
            "idle_timeout": 60,
            "instances": [],
            "internal": false,
            "listener": [
              {
                "instance_port": 80,
                "instance_protocol": "http",
                "lb_port": 80,
                "lb_protocol": "http",
                "ssl_certificate_id": ""
              }
            ],
            "name": "custom-elb",
            "name_prefix": null,
            "security_groups": [
              "sg-017f8e3f0859890d4"
            ],
            "source_security_group": "725241857202/custom-elb-sg",
            "source_security_group_id": "sg-017f8e3f0859890d4",
            "subnets": [
              "subnet-001541adaa64afef7",
              "subnet-0a6550f263999003c"
            ],
            "tags": {
              "Name": "custom_elb"
            },
            "tags_all": {
              "Name": "custom_elb"
            },
            "zone_id": "Z368ELLRRE2KJ0"
          },
          "sensitive_attributes": [],
          "private": "bnVsbA==",
          "dependencies": [
            "aws_security_group.custom-elb-sg",
            "aws_subnet.customvpc-public-1",
            "aws_subnet.customvpc-public-2",
            "aws_vpc.customvpc"
          ]
        }
      ]
    },
    {
      "mode": "managed",
      "type": "aws_iam_group",
      "name": "ec2-container-registry-power-user-group",
      "provider": "provider[\"registry.terraform.io/hashicorp/aws\"]",
      "instances": [
        {
          "schema_version": 0,
          "attributes": {
            "arn": "arn:aws:iam::725241857202:group/ec2-container-registry-power-user-group",
            "id": "ec2-container-registry-power-user-group",
            "name": "ec2-container-registry-power-user-group",
            "path": "/",
            "unique_id": "AGPA2RW6IQSZKERSBIOIH"
          },
          "sensitive_attributes": [],
          "private": "bnVsbA=="
        }
      ]
    },
    {
      "mode": "managed",
      "type": "aws_iam_group_membership",
      "name": "assignment",
      "provider": "provider[\"registry.terraform.io/hashicorp/aws\"]",
      "instances": [
        {
          "schema_version": 0,
          "attributes": {
            "group": "ec2-container-registry-power-user-group",
            "id": "assignment",
            "name": "assignment",
            "users": [
              "user01",
              "user02"
            ]
          },
          "sensitive_attributes": [],
          "private": "bnVsbA==",
          "dependencies": [
            "aws_iam_group.ec2-container-registry-power-user-group",
            "aws_iam_user.user01",
            "aws_iam_user.user02"
          ]
        }
      ]
    },
    {
      "mode": "managed",
      "type": "aws_iam_instance_profile",
      "name": "s3-bucket-role-instance-profile",
      "provider": "provider[\"registry.terraform.io/hashicorp/aws\"]",
      "instances": [
        {
          "schema_version": 0,
          "attributes": {
            "arn": "arn:aws:iam::725241857202:instance-profile/s3-bucket-role-instance-profile",
            "create_date": "2022-12-08T16:09:54Z",
            "id": "s3-bucket-role-instance-profile",
            "name": "s3-bucket-role-instance-profile",
            "name_prefix": null,
            "path": "/",
            "role": "s3-bucket-role",
            "tags": null,
            "tags_all": {},
            "unique_id": "AIPA2RW6IQSZM3GDWV7F5"
          },
          "sensitive_attributes": [],
          "private": "bnVsbA==",
          "dependencies": [
            "aws_iam_role.s3-bucket-role"
          ]
        }
      ]
    },
    {
      "mode": "managed",
      "type": "aws_iam_policy_attachment",
      "name": "attachment",
      "provider": "provider[\"registry.terraform.io/hashicorp/aws\"]",
      "instances": [
        {
          "schema_version": 0,
          "attributes": {
            "groups": [
              "ec2-container-registry-power-user-group"
            ],
            "id": "attachment",
            "name": "attachment",
            "policy_arn": "arn:aws:iam::aws:policy/AmazonEC2ContainerRegistryPowerUser",
            "roles": null,
            "users": null
          },
          "sensitive_attributes": [],
          "private": "bnVsbA==",
          "dependencies": [
            "aws_iam_group.ec2-container-registry-power-user-group"
          ]
        }
      ]
    },
    {
      "mode": "managed",
      "type": "aws_iam_role",
      "name": "s3-bucket-role",
      "provider": "provider[\"registry.terraform.io/hashicorp/aws\"]",
      "instances": [
        {
          "schema_version": 0,
          "attributes": {
            "arn": "arn:aws:iam::725241857202:role/s3-bucket-role",
            "assume_role_policy": "{\"Statement\":[{\"Action\":\"sts:AssumeRole\",\"Effect\":\"Allow\",\"Principal\":{\"Service\":\"ec2.amazonaws.com\"},\"Sid\":\"\"}],\"Version\":\"2012-10-17\"}",
            "create_date": "2022-12-08T16:09:52Z",
            "description": "",
            "force_detach_policies": false,
            "id": "s3-bucket-role",
            "inline_policy": [],
            "managed_policy_arns": [],
            "max_session_duration": 3600,
            "name": "s3-bucket-role",
            "name_prefix": "",
            "path": "/",
            "permissions_boundary": null,
            "tags": null,
            "tags_all": {},
            "unique_id": "AROA2RW6IQSZFMRDFRDFT"
          },
          "sensitive_attributes": [],
          "private": "bnVsbA=="
        }
      ]
    },
    {
      "mode": "managed",
      "type": "aws_iam_role_policy",
      "name": "custom-s3-bucket-role-policy",
      "provider": "provider[\"registry.terraform.io/hashicorp/aws\"]",
      "instances": [
        {
          "schema_version": 0,
          "attributes": {
            "id": "s3-bucket-role:custom-s3-bucket-role-policy",
            "name": "custom-s3-bucket-role-policy",
            "name_prefix": null,
            "policy": "{\"Statement\":[{\"Action\":[\"s3:*\"],\"Effect\":\"Allow\",\"Resource\":[\"arn:aws:s3:::custom-s3-bucket-01\",\"arn:aws:s3:::custom-s3-bucket-01/*\"]}],\"Version\":\"2012-10-17\"}",
            "role": "s3-bucket-role"
          },
          "sensitive_attributes": [],
          "private": "bnVsbA==",
          "dependencies": [
            "aws_iam_role.s3-bucket-role"
          ]
        }
      ]
    },
    {
      "mode": "managed",
      "type": "aws_iam_user",
      "name": "user01",
      "provider": "provider[\"registry.terraform.io/hashicorp/aws\"]",
      "instances": [
        {
          "schema_version": 0,
          "attributes": {
            "arn": "arn:aws:iam::725241857202:user/user01",
            "force_destroy": false,
            "id": "user01",
            "name": "user01",
            "path": "/",
            "permissions_boundary": null,
            "tags": null,
            "tags_all": {},
            "unique_id": "AIDA2RW6IQSZNMMLYD767"
          },
          "sensitive_attributes": [],
          "private": "bnVsbA=="
        }
      ]
    },
    {
      "mode": "managed",
      "type": "aws_iam_user",
      "name": "user02",
      "provider": "provider[\"registry.terraform.io/hashicorp/aws\"]",
      "instances": [
        {
          "schema_version": 0,
          "attributes": {
            "arn": "arn:aws:iam::725241857202:user/user02",
            "force_destroy": false,
            "id": "user02",
            "name": "user02",
            "path": "/",
            "permissions_boundary": null,
            "tags": null,
            "tags_all": {},
            "unique_id": "AIDA2RW6IQSZPSXKOAWUR"
          },
          "sensitive_attributes": [],
          "private": "bnVsbA=="
        }
      ]
    },
    {
      "mode": "managed",
      "type": "aws_internet_gateway",
      "name": "customvpc-gw",
      "provider": "provider[\"registry.terraform.io/hashicorp/aws\"]",
      "instances": [
        {
          "schema_version": 0,
          "attributes": {
            "arn": "arn:aws:ec2:us-west-1:725241857202:internet-gateway/igw-075961a7f24d5974c",
            "id": "igw-075961a7f24d5974c",
            "owner_id": "725241857202",
            "tags": {
              "Name": "customvpc-gw"
            },
            "tags_all": {
              "Name": "customvpc-gw"
            },
            "timeouts": null,
            "vpc_id": "vpc-0eac4cc12f94a2d03"
          },
          "sensitive_attributes": [],
          "private": "eyJlMmJmYjczMC1lY2FhLTExZTYtOGY4OC0zNDM2M2JjN2M0YzAiOnsiY3JlYXRlIjoxMjAwMDAwMDAwMDAwLCJkZWxldGUiOjEyMDAwMDAwMDAwMDAsInVwZGF0ZSI6MTIwMDAwMDAwMDAwMH19",
          "dependencies": [
            "aws_vpc.customvpc"
          ]
        }
      ]
    },
    {
      "mode": "managed",
      "type": "aws_key_pair",
      "name": "mykey",
      "provider": "provider[\"registry.terraform.io/hashicorp/aws\"]",
      "instances": [
        {
          "schema_version": 1,
          "attributes": {
            "arn": "arn:aws:ec2:us-west-1:725241857202:key-pair/mykey",
            "fingerprint": "ce:4d:e1:bf:94:3b:40:79:00:1f:59:c5:e4:a8:9f:4c",
            "id": "mykey",
            "key_name": "mykey",
            "key_name_prefix": "",
            "key_pair_id": "key-0a19784b0a83d8963",
            "key_type": "rsa",
            "public_key": "ssh-rsa AAAAB3NzaC1yc2EAAAADAQABAAABgQC44L/eu/yIlY0ir1l3hUCOeIIhYgHOqEIvseWhsSRDj2mX/4FGb/9zKCsSefUl9V33e2cmt3zMoE5KptIR4Q6ev4DHzeTAcTuw5ineAKdGNiL3A7rFjhhUxn4ADl8Z6Elhuo6OJp1gEG2kdObkkIfRIOln2iIbrOKvI8aZLhQj4QjGumPQxkCQMZZXzgm72F2Rc7WMPfXPhtVLO8SZBytcDzJnRHA7ifRcQXKmu0/vqrTq/AMNdKZpZnr/4XcoAayJhERRZOj1jRrdk3jkyJTLEVFagh6woqeZxLsKJt1FJWxzbbwZJP6KE6unhMRuMTztuaTgyUFU2NnewXEpZMWHxr6LUICYiwJxt3svAaaCsSu7t4BIDnHXe00Bgdn095i1X5dQecWayC0dvpBslDRgnqT9dJObFDWyAY54m88rDmhre2YPvCc595bu21WShiz6xMQYk1m4xHxJoRxa8gyn9/L0yiOPZzOm2y66uKfWWc2YgJvhW4LUC7ajeEJ+Y1M= pancake@PCs-Macbook.local",
            "tags": null,
            "tags_all": {}
          },
          "sensitive_attributes": [],
          "private": "eyJzY2hlbWFfdmVyc2lvbiI6IjEifQ==",
          "create_before_destroy": true
        }
      ]
    },
    {
      "mode": "managed",
      "type": "aws_launch_configuration",
      "name": "custom-launch-config",
      "provider": "provider[\"registry.terraform.io/hashicorp/aws\"]",
      "instances": [
        {
          "schema_version": 0,
          "attributes": {
            "arn": "arn:aws:autoscaling:us-west-1:725241857202:launchConfiguration:abf5f5ee-d074-4320-9f1a-82bb8854f882:launchConfigurationName/custom-launch-config",
            "associate_public_ip_address": false,
            "ebs_block_device": [],
            "ebs_optimized": false,
            "enable_monitoring": true,
            "ephemeral_block_device": [],
            "iam_instance_profile": "",
            "id": "custom-launch-config",
            "image_id": "ami-0454207e5367abf01",
            "instance_type": "t2.micro",
            "key_name": "mykey",
            "metadata_options": [],
            "name": "custom-launch-config",
            "name_prefix": "",
            "placement_tenancy": "",
            "root_block_device": [],
            "security_groups": null,
            "spot_price": "",
            "user_data": "74f8efed8a00e5b4a2448faffcaf9e0bb3a8031a",
            "user_data_base64": null,
            "vpc_classic_link_id": "",
            "vpc_classic_link_security_groups": null
          },
          "sensitive_attributes": [],
          "private": "bnVsbA==",
          "dependencies": [
            "aws_key_pair.mykey",
            "data.aws_ami.ubuntu"
          ],
          "create_before_destroy": true
        }
      ]
    },
    {
      "mode": "managed",
      "type": "aws_nat_gateway",
      "name": "customvpc-nat-gw",
      "provider": "provider[\"registry.terraform.io/hashicorp/aws\"]",
      "instances": [
        {
          "schema_version": 0,
          "attributes": {
            "allocation_id": "eipalloc-015e5c91033ff152d",
            "connectivity_type": "public",
            "id": "nat-0cf84206dc2eb34c7",
            "network_interface_id": "eni-0da1d8232f484eb6e",
            "private_ip": "10.0.1.251",
            "public_ip": "52.8.46.245",
            "subnet_id": "subnet-0a6550f263999003c",
            "tags": null,
            "tags_all": {}
          },
          "sensitive_attributes": [],
          "private": "bnVsbA==",
          "dependencies": [
            "aws_eip.customvpc-nat",
            "aws_internet_gateway.customvpc-gw",
            "aws_subnet.customvpc-public-1",
            "aws_vpc.customvpc"
          ]
        }
      ]
    },
    {
      "mode": "managed",
      "type": "aws_route_table",
      "name": "customvpc-private-r",
      "provider": "provider[\"registry.terraform.io/hashicorp/aws\"]",
      "instances": [
        {
          "schema_version": 0,
          "attributes": {
            "arn": "arn:aws:ec2:us-west-1:725241857202:route-table/rtb-0dbf8f6eca3abdab5",
            "id": "rtb-0dbf8f6eca3abdab5",
            "owner_id": "725241857202",
            "propagating_vgws": [],
            "route": [
              {
                "carrier_gateway_id": "",
                "cidr_block": "0.0.0.0/0",
                "core_network_arn": "",
                "destination_prefix_list_id": "",
                "egress_only_gateway_id": "",
                "gateway_id": "",
                "instance_id": "",
                "ipv6_cidr_block": "",
                "local_gateway_id": "",
                "nat_gateway_id": "nat-0cf84206dc2eb34c7",
                "network_interface_id": "",
                "transit_gateway_id": "",
                "vpc_endpoint_id": "",
                "vpc_peering_connection_id": ""
              }
            ],
            "tags": {
              "Name": "customvpc-private-r"
            },
            "tags_all": {
              "Name": "customvpc-private-r"
            },
            "timeouts": null,
            "vpc_id": "vpc-0eac4cc12f94a2d03"
          },
          "sensitive_attributes": [],
          "private": "eyJlMmJmYjczMC1lY2FhLTExZTYtOGY4OC0zNDM2M2JjN2M0YzAiOnsiY3JlYXRlIjozMDAwMDAwMDAwMDAsImRlbGV0ZSI6MzAwMDAwMDAwMDAwLCJ1cGRhdGUiOjEyMDAwMDAwMDAwMH19",
          "dependencies": [
            "aws_eip.customvpc-nat",
            "aws_internet_gateway.customvpc-gw",
            "aws_nat_gateway.customvpc-nat-gw",
            "aws_subnet.customvpc-public-1",
            "aws_vpc.customvpc"
          ]
        }
      ]
    },
    {
      "mode": "managed",
      "type": "aws_route_table",
      "name": "customvpc-public-r",
      "provider": "provider[\"registry.terraform.io/hashicorp/aws\"]",
      "instances": [
        {
          "schema_version": 0,
          "attributes": {
            "arn": "arn:aws:ec2:us-west-1:725241857202:route-table/rtb-09b90a8741727b2b3",
            "id": "rtb-09b90a8741727b2b3",
            "owner_id": "725241857202",
            "propagating_vgws": [],
            "route": [
              {
                "carrier_gateway_id": "",
                "cidr_block": "0.0.0.0/0",
                "core_network_arn": "",
                "destination_prefix_list_id": "",
                "egress_only_gateway_id": "",
                "gateway_id": "igw-075961a7f24d5974c",
                "instance_id": "",
                "ipv6_cidr_block": "",
                "local_gateway_id": "",
                "nat_gateway_id": "",
                "network_interface_id": "",
                "transit_gateway_id": "",
                "vpc_endpoint_id": "",
                "vpc_peering_connection_id": ""
              }
            ],
            "tags": {
              "Name": "customvpc-public-r"
            },
            "tags_all": {
              "Name": "customvpc-public-r"
            },
            "timeouts": null,
            "vpc_id": "vpc-0eac4cc12f94a2d03"
          },
          "sensitive_attributes": [],
          "private": "eyJlMmJmYjczMC1lY2FhLTExZTYtOGY4OC0zNDM2M2JjN2M0YzAiOnsiY3JlYXRlIjozMDAwMDAwMDAwMDAsImRlbGV0ZSI6MzAwMDAwMDAwMDAwLCJ1cGRhdGUiOjEyMDAwMDAwMDAwMH19",
          "dependencies": [
            "aws_internet_gateway.customvpc-gw",
            "aws_vpc.customvpc"
          ]
        }
      ]
    },
    {
      "mode": "managed",
      "type": "aws_route_table_association",
      "name": "customvpc-private-1-a",
      "provider": "provider[\"registry.terraform.io/hashicorp/aws\"]",
      "instances": [
        {
          "schema_version": 0,
          "attributes": {
            "gateway_id": "",
            "id": "rtbassoc-0396fe43783869949",
            "route_table_id": "rtb-0dbf8f6eca3abdab5",
            "subnet_id": "subnet-0711975b1a030704c"
          },
          "sensitive_attributes": [],
          "private": "bnVsbA==",
          "dependencies": [
            "aws_eip.customvpc-nat",
            "aws_internet_gateway.customvpc-gw",
            "aws_nat_gateway.customvpc-nat-gw",
            "aws_route_table.customvpc-private-r",
            "aws_subnet.customvpc-private-1",
            "aws_subnet.customvpc-public-1",
            "aws_vpc.customvpc"
          ]
        }
      ]
    },
    {
      "mode": "managed",
      "type": "aws_route_table_association",
      "name": "customvpc-public-1-a",
      "provider": "provider[\"registry.terraform.io/hashicorp/aws\"]",
      "instances": [
        {
          "schema_version": 0,
          "attributes": {
            "gateway_id": "",
            "id": "rtbassoc-097e3fb15949acf00",
            "route_table_id": "rtb-09b90a8741727b2b3",
            "subnet_id": "subnet-0a6550f263999003c"
          },
          "sensitive_attributes": [],
          "private": "bnVsbA==",
          "dependencies": [
            "aws_internet_gateway.customvpc-gw",
            "aws_route_table.customvpc-public-r",
            "aws_subnet.customvpc-public-1",
            "aws_vpc.customvpc"
          ]
        }
      ]
    },
    {
      "mode": "managed",
      "type": "aws_route_table_association",
      "name": "customvpc-public-2-a",
      "provider": "provider[\"registry.terraform.io/hashicorp/aws\"]",
      "instances": [
        {
          "schema_version": 0,
          "attributes": {
            "gateway_id": "",
            "id": "rtbassoc-07d3dcad8ff3d1289",
            "route_table_id": "rtb-09b90a8741727b2b3",
            "subnet_id": "subnet-001541adaa64afef7"
          },
          "sensitive_attributes": [],
          "private": "bnVsbA==",
          "dependencies": [
            "aws_internet_gateway.customvpc-gw",
            "aws_route_table.customvpc-public-r",
            "aws_subnet.customvpc-public-2",
            "aws_vpc.customvpc"
          ]
        }
      ]
    },
    {
      "mode": "managed",
      "type": "aws_s3_bucket",
      "name": "custom-s3-bucket-01",
      "provider": "provider[\"registry.terraform.io/hashicorp/aws\"]",
      "instances": [
        {
          "schema_version": 0,
          "attributes": {
            "acceleration_status": "",
            "acl": null,
            "arn": "arn:aws:s3:::custom-s3-bucket-01",
            "bucket": "custom-s3-bucket-01",
            "bucket_domain_name": "custom-s3-bucket-01.s3.amazonaws.com",
            "bucket_prefix": null,
            "bucket_regional_domain_name": "custom-s3-bucket-01.s3.us-west-1.amazonaws.com",
            "cors_rule": [],
            "force_destroy": false,
            "grant": [
              {
                "id": "017d59de77cbcc306859f6018893ef54c2afba44d3aa0f50af40ac80e42f87f3",
                "permissions": [
                  "FULL_CONTROL"
                ],
                "type": "CanonicalUser",
                "uri": ""
              }
            ],
            "hosted_zone_id": "Z2F56UZL2M1ACD",
            "id": "custom-s3-bucket-01",
            "lifecycle_rule": [],
            "logging": [],
            "object_lock_configuration": [],
            "object_lock_enabled": false,
            "policy": "",
            "region": "us-west-1",
            "replication_configuration": [],
            "request_payer": "BucketOwner",
            "server_side_encryption_configuration": [],
            "tags": {
              "name": "bucket_demo"
            },
            "tags_all": {
              "name": "bucket_demo"
            },
            "timeouts": null,
            "versioning": [
              {
                "enabled": false,
                "mfa_delete": false
              }
            ],
            "website": [],
            "website_domain": null,
            "website_endpoint": null
          },
          "sensitive_attributes": [],
          "private": "eyJlMmJmYjczMC1lY2FhLTExZTYtOGY4OC0zNDM2M2JjN2M0YzAiOnsiY3JlYXRlIjoxMjAwMDAwMDAwMDAwLCJkZWxldGUiOjM2MDAwMDAwMDAwMDAsInJlYWQiOjEyMDAwMDAwMDAwMDAsInVwZGF0ZSI6MTIwMDAwMDAwMDAwMH19"
        }
      ]
    },
    {
      "mode": "managed",
      "type": "aws_s3_bucket_acl",
      "name": "s3_bucket_acl",
      "provider": "provider[\"registry.terraform.io/hashicorp/aws\"]",
      "instances": [
        {
          "schema_version": 0,
          "attributes": {
            "access_control_policy": [
              {
                "grant": [
                  {
                    "grantee": [
                      {
                        "display_name": "rattima.pc",
                        "email_address": "",
                        "id": "017d59de77cbcc306859f6018893ef54c2afba44d3aa0f50af40ac80e42f87f3",
                        "type": "CanonicalUser",
                        "uri": ""
                      }
                    ],
                    "permission": "FULL_CONTROL"
                  }
                ],
                "owner": [
                  {
                    "display_name": "rattima.pc",
                    "id": "017d59de77cbcc306859f6018893ef54c2afba44d3aa0f50af40ac80e42f87f3"
                  }
                ]
              }
            ],
            "acl": "private",
            "bucket": "custom-s3-bucket-01",
            "expected_bucket_owner": "",
            "id": "custom-s3-bucket-01,private"
          },
          "sensitive_attributes": [],
          "private": "bnVsbA==",
          "dependencies": [
            "aws_s3_bucket.custom-s3-bucket-01"
          ]
        }
      ]
    },
    {
      "mode": "managed",
      "type": "aws_security_group",
      "name": "allow-customvpc-http",
      "provider": "provider[\"registry.terraform.io/hashicorp/aws\"]",
      "instances": [
        {
          "schema_version": 1,
          "attributes": {
            "arn": "arn:aws:ec2:us-west-1:725241857202:security-group/sg-02423e37bf08611b3",
            "description": "security group that allows http connection.",
            "egress": [
              {
                "cidr_blocks": [
                  "0.0.0.0/0"
                ],
                "description": "",
                "from_port": 0,
                "ipv6_cidr_blocks": [],
                "prefix_list_ids": [],
                "protocol": "-1",
                "security_groups": [],
                "self": false,
                "to_port": 0
              }
            ],
            "id": "sg-02423e37bf08611b3",
            "ingress": [
              {
                "cidr_blocks": [
                  "0.0.0.0/0"
                ],
                "description": "",
                "from_port": 80,
                "ipv6_cidr_blocks": [],
                "prefix_list_ids": [],
                "protocol": "tcp",
                "security_groups": [],
                "self": false,
                "to_port": 80
              }
            ],
            "name": "allow-customvpc-http",
            "name_prefix": "",
            "owner_id": "725241857202",
            "revoke_rules_on_delete": false,
            "tags": {
              "Name": "allow-customvpc-http"
            },
            "tags_all": {
              "Name": "allow-customvpc-http"
            },
            "timeouts": null,
            "vpc_id": "vpc-0eac4cc12f94a2d03"
          },
          "sensitive_attributes": [],
          "private": "eyJlMmJmYjczMC1lY2FhLTExZTYtOGY4OC0zNDM2M2JjN2M0YzAiOnsiY3JlYXRlIjo2MDAwMDAwMDAwMDAsImRlbGV0ZSI6OTAwMDAwMDAwMDAwfSwic2NoZW1hX3ZlcnNpb24iOiIxIn0=",
          "dependencies": [
            "aws_vpc.customvpc"
          ]
        }
      ]
    },
    {
      "mode": "managed",
      "type": "aws_security_group",
      "name": "allow-customvpc-ssh",
      "provider": "provider[\"registry.terraform.io/hashicorp/aws\"]",
      "instances": [
        {
          "schema_version": 1,
          "attributes": {
            "arn": "arn:aws:ec2:us-west-1:725241857202:security-group/sg-05dde310472548ed2",
            "description": "security group that allows ssh connection.",
            "egress": [
              {
                "cidr_blocks": [
                  "0.0.0.0/0"
                ],
                "description": "",
                "from_port": 0,
                "ipv6_cidr_blocks": [],
                "prefix_list_ids": [],
                "protocol": "-1",
                "security_groups": [],
                "self": false,
                "to_port": 0
              }
            ],
            "id": "sg-05dde310472548ed2",
            "ingress": [
              {
                "cidr_blocks": [
                  "0.0.0.0/0"
                ],
                "description": "",
                "from_port": 22,
                "ipv6_cidr_blocks": [],
                "prefix_list_ids": [],
                "protocol": "tcp",
                "security_groups": [],
                "self": false,
                "to_port": 22
              }
            ],
            "name": "allow-customvpc-ssh",
            "name_prefix": "",
            "owner_id": "725241857202",
            "revoke_rules_on_delete": false,
            "tags": {
              "Name": "allow-customvpc-ssh"
            },
            "tags_all": {
              "Name": "allow-customvpc-ssh"
            },
            "timeouts": null,
            "vpc_id": "vpc-0eac4cc12f94a2d03"
          },
          "sensitive_attributes": [],
          "private": "eyJlMmJmYjczMC1lY2FhLTExZTYtOGY4OC0zNDM2M2JjN2M0YzAiOnsiY3JlYXRlIjo2MDAwMDAwMDAwMDAsImRlbGV0ZSI6OTAwMDAwMDAwMDAwfSwic2NoZW1hX3ZlcnNpb24iOiIxIn0=",
          "dependencies": [
            "aws_vpc.customvpc"
          ]
        }
      ]
    },
    {
      "mode": "managed",
      "type": "aws_security_group",
      "name": "custom-elb-sg",
      "provider": "provider[\"registry.terraform.io/hashicorp/aws\"]",
      "instances": [
        {
          "schema_version": 1,
          "attributes": {
            "arn": "arn:aws:ec2:us-west-1:725241857202:security-group/sg-017f8e3f0859890d4",
            "description": "security group for ELB.",
            "egress": [
              {
                "cidr_blocks": [
                  "0.0.0.0/0"
                ],
                "description": "",
                "from_port": 0,
                "ipv6_cidr_blocks": [],
                "prefix_list_ids": [],
                "protocol": "-1",
                "security_groups": [],
                "self": false,
                "to_port": 0
              }
            ],
            "id": "sg-017f8e3f0859890d4",
            "ingress": [
              {
                "cidr_blocks": [
                  "0.0.0.0/0"
                ],
                "description": "",
                "from_port": 80,
                "ipv6_cidr_blocks": [],
                "prefix_list_ids": [],
                "protocol": "tcp",
                "security_groups": [],
                "self": false,
                "to_port": 80
              }
            ],
            "name": "custom-elb-sg",
            "name_prefix": "",
            "owner_id": "725241857202",
            "revoke_rules_on_delete": false,
            "tags": {
              "Name": "custom-elb-sg"
            },
            "tags_all": {
              "Name": "custom-elb-sg"
            },
            "timeouts": null,
            "vpc_id": "vpc-0eac4cc12f94a2d03"
          },
          "sensitive_attributes": [],
          "private": "eyJlMmJmYjczMC1lY2FhLTExZTYtOGY4OC0zNDM2M2JjN2M0YzAiOnsiY3JlYXRlIjo2MDAwMDAwMDAwMDAsImRlbGV0ZSI6OTAwMDAwMDAwMDAwfSwic2NoZW1hX3ZlcnNpb24iOiIxIn0=",
          "dependencies": [
            "aws_vpc.customvpc"
          ]
        }
      ]
    },
    {
      "mode": "managed",
      "type": "aws_security_group",
      "name": "custom-instance-sg",
      "provider": "provider[\"registry.terraform.io/hashicorp/aws\"]",
      "instances": [
        {
          "schema_version": 1,
          "attributes": {
            "arn": "arn:aws:ec2:us-west-1:725241857202:security-group/sg-0486946d07cbd4577",
            "description": "security group for instances.",
            "egress": [
              {
                "cidr_blocks": [
                  "0.0.0.0/0"
                ],
                "description": "",
                "from_port": 0,
                "ipv6_cidr_blocks": [],
                "prefix_list_ids": [],
                "protocol": "-1",
                "security_groups": [],
                "self": false,
                "to_port": 0
              }
            ],
            "id": "sg-0486946d07cbd4577",
            "ingress": [
              {
                "cidr_blocks": [],
                "description": "",
                "from_port": 22,
                "ipv6_cidr_blocks": [],
                "prefix_list_ids": [],
                "protocol": "tcp",
                "security_groups": [
                  "sg-017f8e3f0859890d4"
                ],
                "self": false,
                "to_port": 80
              }
            ],
            "name": "custom-instance-sg",
            "name_prefix": "",
            "owner_id": "725241857202",
            "revoke_rules_on_delete": false,
            "tags": {
              "Name": "custom-instance-sg"
            },
            "tags_all": {
              "Name": "custom-instance-sg"
            },
            "timeouts": null,
            "vpc_id": "vpc-0eac4cc12f94a2d03"
          },
          "sensitive_attributes": [],
          "private": "eyJlMmJmYjczMC1lY2FhLTExZTYtOGY4OC0zNDM2M2JjN2M0YzAiOnsiY3JlYXRlIjo2MDAwMDAwMDAwMDAsImRlbGV0ZSI6OTAwMDAwMDAwMDAwfSwic2NoZW1hX3ZlcnNpb24iOiIxIn0=",
          "dependencies": [
            "aws_security_group.custom-elb-sg",
            "aws_vpc.customvpc"
          ]
        }
      ]
    },
    {
      "mode": "managed",
      "type": "aws_security_group",
      "name": "sg_custom_us_west",
      "provider": "provider[\"registry.terraform.io/hashicorp/aws\"]",
      "instances": [
        {
          "schema_version": 1,
          "attributes": {
            "arn": "arn:aws:ec2:us-west-1:725241857202:security-group/sg-0e6fc10c03a043f57",
            "description": "Managed by Terraform",
            "egress": [],
            "id": "sg-0e6fc10c03a043f57",
            "ingress": [
              {
                "cidr_blocks": [
                  "13.52.0.0/16",
                  "13.56.0.0/16",
                  "13.57.0.0/16",
                  "15.177.81.0/24",
                  "18.144.0.0/15",
                  "184.169.128.0/17",
                  "184.72.0.0/18",
                  "204.236.128.0/18",
                  "216.182.236.0/23",
                  "3.101.0.0/16",
                  "3.2.41.64/26",
                  "3.5.160.0/22",
                  "35.71.117.0/24",
                  "50.18.0.0/16",
                  "52.52.0.0/15",
                  "52.8.0.0/16",
                  "52.9.0.0/16",
                  "52.94.144.0/23",
                  "52.94.248.128/28",
                  "52.94.249.80/28",
                  "52.95.246.0/24",
                  "52.95.255.96/28",
                  "54.151.0.0/17",
                  "54.153.0.0/17",
                  "54.176.0.0/15",
                  "54.183.0.0/16",
                  "54.193.0.0/16",
                  "54.215.0.0/16",
                  "54.219.0.0/16",
                  "54.241.0.0/16",
                  "54.67.0.0/16",
                  "64.252.118.0/24",
                  "64.252.119.0/24",
                  "64.252.120.0/24",
                  "64.252.121.0/24",
                  "64.252.122.0/24",
                  "64.252.123.0/24",
                  "99.151.120.0/21",
                  "99.77.132.0/24",
                  "99.77.154.0/24",
                  "99.77.251.0/24"
                ],
                "description": "",
                "from_port": 443,
                "ipv6_cidr_blocks": [],
                "prefix_list_ids": [],
                "protocol": "tcp",
                "security_groups": [],
                "self": false,
                "to_port": 443
              }
            ],
            "name": "sg_custom_us_west",
            "name_prefix": "",
            "owner_id": "725241857202",
            "revoke_rules_on_delete": false,
            "tags": null,
            "tags_all": {},
            "timeouts": null,
            "vpc_id": "vpc-0f0a93e827a70f595"
          },
          "sensitive_attributes": [],
          "private": "eyJlMmJmYjczMC1lY2FhLTExZTYtOGY4OC0zNDM2M2JjN2M0YzAiOnsiY3JlYXRlIjo2MDAwMDAwMDAwMDAsImRlbGV0ZSI6OTAwMDAwMDAwMDAwfSwic2NoZW1hX3ZlcnNpb24iOiIxIn0=",
          "dependencies": [
            "data.aws_ip_ranges.us_west_ip_range"
          ]
        }
      ]
    },
    {
      "mode": "managed",
      "type": "aws_subnet",
      "name": "customvpc-private-1",
      "provider": "provider[\"registry.terraform.io/hashicorp/aws\"]",
      "instances": [
        {
          "schema_version": 1,
          "attributes": {
            "arn": "arn:aws:ec2:us-west-1:725241857202:subnet/subnet-0711975b1a030704c",
            "assign_ipv6_address_on_creation": false,
            "availability_zone": "us-west-1b",
            "availability_zone_id": "usw1-az1",
            "cidr_block": "10.0.3.0/24",
            "customer_owned_ipv4_pool": "",
            "enable_dns64": false,
            "enable_resource_name_dns_a_record_on_launch": false,
            "enable_resource_name_dns_aaaa_record_on_launch": false,
            "id": "subnet-0711975b1a030704c",
            "ipv6_cidr_block": "",
            "ipv6_cidr_block_association_id": "",
            "ipv6_native": false,
            "map_customer_owned_ip_on_launch": false,
            "map_public_ip_on_launch": false,
            "outpost_arn": "",
            "owner_id": "725241857202",
            "private_dns_hostname_type_on_launch": "ip-name",
            "tags": {
              "Name": "customvpc-private-1"
            },
            "tags_all": {
              "Name": "customvpc-private-1"
            },
            "timeouts": null,
            "vpc_id": "vpc-0eac4cc12f94a2d03"
          },
          "sensitive_attributes": [],
          "private": "eyJlMmJmYjczMC1lY2FhLTExZTYtOGY4OC0zNDM2M2JjN2M0YzAiOnsiY3JlYXRlIjo2MDAwMDAwMDAwMDAsImRlbGV0ZSI6MTIwMDAwMDAwMDAwMH0sInNjaGVtYV92ZXJzaW9uIjoiMSJ9",
          "dependencies": [
            "aws_vpc.customvpc"
          ]
        }
      ]
    },
    {
      "mode": "managed",
      "type": "aws_subnet",
      "name": "customvpc-public-1",
      "provider": "provider[\"registry.terraform.io/hashicorp/aws\"]",
      "instances": [
        {
          "schema_version": 1,
          "attributes": {
            "arn": "arn:aws:ec2:us-west-1:725241857202:subnet/subnet-0a6550f263999003c",
            "assign_ipv6_address_on_creation": false,
            "availability_zone": "us-west-1a",
            "availability_zone_id": "usw1-az3",
            "cidr_block": "10.0.1.0/24",
            "customer_owned_ipv4_pool": "",
            "enable_dns64": false,
            "enable_resource_name_dns_a_record_on_launch": false,
            "enable_resource_name_dns_aaaa_record_on_launch": false,
            "id": "subnet-0a6550f263999003c",
            "ipv6_cidr_block": "",
            "ipv6_cidr_block_association_id": "",
            "ipv6_native": false,
            "map_customer_owned_ip_on_launch": false,
            "map_public_ip_on_launch": true,
            "outpost_arn": "",
            "owner_id": "725241857202",
            "private_dns_hostname_type_on_launch": "ip-name",
            "tags": {
              "Name": "customvpc-public-1"
            },
            "tags_all": {
              "Name": "customvpc-public-1"
            },
            "timeouts": null,
            "vpc_id": "vpc-0eac4cc12f94a2d03"
          },
          "sensitive_attributes": [],
          "private": "eyJlMmJmYjczMC1lY2FhLTExZTYtOGY4OC0zNDM2M2JjN2M0YzAiOnsiY3JlYXRlIjo2MDAwMDAwMDAwMDAsImRlbGV0ZSI6MTIwMDAwMDAwMDAwMH0sInNjaGVtYV92ZXJzaW9uIjoiMSJ9",
          "dependencies": [
            "aws_vpc.customvpc"
          ]
        }
      ]
    },
    {
      "mode": "managed",
      "type": "aws_subnet",
      "name": "customvpc-public-2",
      "provider": "provider[\"registry.terraform.io/hashicorp/aws\"]",
      "instances": [
        {
          "schema_version": 1,
          "attributes": {
            "arn": "arn:aws:ec2:us-west-1:725241857202:subnet/subnet-001541adaa64afef7",
            "assign_ipv6_address_on_creation": false,
            "availability_zone": "us-west-1b",
            "availability_zone_id": "usw1-az1",
            "cidr_block": "10.0.2.0/24",
            "customer_owned_ipv4_pool": "",
            "enable_dns64": false,
            "enable_resource_name_dns_a_record_on_launch": false,
            "enable_resource_name_dns_aaaa_record_on_launch": false,
            "id": "subnet-001541adaa64afef7",
            "ipv6_cidr_block": "",
            "ipv6_cidr_block_association_id": "",
            "ipv6_native": false,
            "map_customer_owned_ip_on_launch": false,
            "map_public_ip_on_launch": true,
            "outpost_arn": "",
            "owner_id": "725241857202",
            "private_dns_hostname_type_on_launch": "ip-name",
            "tags": {
              "Name": "customvpc-public-2"
            },
            "tags_all": {
              "Name": "customvpc-public-2"
            },
            "timeouts": null,
            "vpc_id": "vpc-0eac4cc12f94a2d03"
          },
          "sensitive_attributes": [],
          "private": "eyJlMmJmYjczMC1lY2FhLTExZTYtOGY4OC0zNDM2M2JjN2M0YzAiOnsiY3JlYXRlIjo2MDAwMDAwMDAwMDAsImRlbGV0ZSI6MTIwMDAwMDAwMDAwMH0sInNjaGVtYV92ZXJzaW9uIjoiMSJ9",
          "dependencies": [
            "aws_vpc.customvpc"
          ]
        }
      ]
    },
    {
      "mode": "managed",
      "type": "aws_vpc",
      "name": "customvpc",
      "provider": "provider[\"registry.terraform.io/hashicorp/aws\"]",
      "instances": [
        {
          "schema_version": 1,
          "attributes": {
            "arn": "arn:aws:ec2:us-west-1:725241857202:vpc/vpc-0eac4cc12f94a2d03",
            "assign_generated_ipv6_cidr_block": false,
            "cidr_block": "10.0.0.0/16",
            "default_network_acl_id": "acl-0f80800738df77c37",
            "default_route_table_id": "rtb-0d4b29b41eb5a2525",
            "default_security_group_id": "sg-0104671e865d5e3d8",
            "dhcp_options_id": "dopt-06b171c7e77676b4c",
            "enable_classiclink": false,
            "enable_classiclink_dns_support": false,
            "enable_dns_hostnames": true,
            "enable_dns_support": true,
            "enable_network_address_usage_metrics": false,
            "id": "vpc-0eac4cc12f94a2d03",
            "instance_tenancy": "default",
            "ipv4_ipam_pool_id": null,
            "ipv4_netmask_length": null,
            "ipv6_association_id": "",
            "ipv6_cidr_block": "",
            "ipv6_cidr_block_network_border_group": "",
            "ipv6_ipam_pool_id": "",
            "ipv6_netmask_length": 0,
            "main_route_table_id": "rtb-0d4b29b41eb5a2525",
            "owner_id": "725241857202",
            "tags": {
              "Name": "customvpc"
            },
            "tags_all": {
              "Name": "customvpc"
            }
          },
          "sensitive_attributes": [],
          "private": "eyJzY2hlbWFfdmVyc2lvbiI6IjEifQ=="
        }
      ]
    }
  ],
  "check_results": null
}
